{
    "_meta": {
        "hash": {
            "sha256": "63c5360589280fc10619a70283f7a9e6b435524cbee376e5197378b88a2570ea"
        },
        "pipfile-spec": 6,
        "requires": {
            "python_version": "3.6"
        },
        "sources": [
            {
                "name": "pypi",
                "url": "https://mirrors.aliyun.com/pypi/simple/",
                "verify_ssl": true
            }
        ]
    },
    "default": {
        "certifi": {
            "hashes": [
                "sha256:59b7658e26ca9c7339e00f8f4636cdfe59d34fa37b9b04f6f9e9926b3cece1a5",
                "sha256:b26104d6835d1f5e49452a26eb2ff87fe7090b89dfcaee5ea2212697e1e1d7ae"
            ],
            "version": "==2019.3.9"
        },
        "chardet": {
            "hashes": [
                "sha256:84ab92ed1c4d4f16916e05906b6b75a6c0fb5db821cc65e70cbd64a3e2a5eaae",
                "sha256:fc323ffcaeaed0e0a02bf4d117757b98aed530d9ed4531e3e15460124c106691"
            ],
            "version": "==3.0.4"
        },
        "defusedxml": {
            "hashes": [
                "sha256:6687150770438374ab581bb7a1b327a847dd9c5749e396102de3fad4e8a3ef93",
                "sha256:f684034d135af4c6cbb949b8a4d2ed61634515257a67299e5f940fbaa34377f5"
            ],
            "version": "==0.6.0"
        },
        "django": {
            "hashes": [
                "sha256:275bec66fd2588dd517ada59b8bfb23d4a9abc5a362349139ddda3c7ff6f5ade",
                "sha256:939652e9d34d7d53d74d5d8ef82a19e5f8bb2de75618f7e5360691b6e9667963"
            ],
            "index": "pypi",
            "version": "==2.1.7"
        },
        "django-allauth": {
            "hashes": [
                "sha256:4444434c2f43188e16e0a7732c3638e12787ca7e5032f69b6d30b2912f53809e"
            ],
            "index": "pypi",
            "version": "==0.39.1"
        },
        "django-crispy-forms": {
            "hashes": [
                "sha256:5952bab971110d0b86c278132dae0aa095beee8f723e625c3d3fa28888f1675f",
                "sha256:705ededc554ad8736157c666681165fe22ead2dec0d5446d65fc9dd976a5a876"
            ],
            "index": "pypi",
            "version": "==1.7.2"
        },
        "django-formtools": {
            "hashes": [
                "sha256:7703793f1675aa6e871f9fed147e8563816d7a5b9affdc5e3459899596217f7c",
                "sha256:cb2bd7c29c2104278e5a0e76f7ff256b9570acf11485d547ee0c1b35347359fb"
            ],
            "index": "pypi",
            "version": "==2.1"
        },
        "django-reversion": {
            "hashes": [
                "sha256:830cd9127ff3cda98254526e1b30519da98ce4094bdf25e7c5aabb9207405a76",
                "sha256:fd910774f2dabb65ac9d4fec2b032f1c0560f870c4923ce0b1e2f4d4430fc04a"
            ],
            "index": "pypi",
            "version": "==3.0.3"
        },
        "future": {
            "hashes": [
                "sha256:67045236dcfd6816dc439556d009594abf643e5eb48992e36beac09c2ca659b8"
            ],
            "index": "pypi",
            "version": "==0.17.1"
        },
        "httplib2": {
            "hashes": [
                "sha256:23914b5487dfe8ef09db6656d6d63afb0cf3054ad9ebc50868ddc8e166b5f8e8",
                "sha256:a18121c7c72a56689efbf1aef990139ad940fee1e64c6f2458831736cd593600"
            ],
            "index": "pypi",
            "version": "==0.12.3"
        },
        "idna": {
            "hashes": [
                "sha256:c357b3f628cf53ae2c4c05627ecc484553142ca23264e593d327bcde5e9c3407",
                "sha256:ea8b7f6188e6fa117537c3df7da9fc686d485087abf6ac197f9c46432f7e4a3c"
            ],
            "version": "==2.8"
        },
        "oauthlib": {
            "hashes": [
                "sha256:0ce32c5d989a1827e3f1148f98b9085ed2370fc939bf524c9c851d8714797298",
                "sha256:3e1e14f6cde7e5475128d30e97edc3bfb4dc857cb884d8714ec161fdbb3b358e"
            ],
            "version": "==3.0.1"
        },
        "python3-openid": {
            "hashes": [
                "sha256:0086da6b6ef3161cfe50fb1ee5cceaf2cda1700019fda03c2c5c440ca6abe4fa",
                "sha256:628d365d687e12da12d02c6691170f4451db28d6d68d050007e4a40065868502"
            ],
            "version": "==3.1.0"
        },
        "pytz": {
            "hashes": [
                "sha256:303879e36b721603cc54604edcac9d20401bdbe31e1e4fdee5b9f98d5d31dfda",
                "sha256:d747dd3d23d77ef44c6a3526e274af6efeb0a6f1afd5a69ba4d5be4098c8e141"
            ],
            "version": "==2019.1"
        },
        "requests": {
            "hashes": [
                "sha256:502a824f31acdacb3a35b6690b5fbf0bc41d63a24a45c4004352b0242707598e",
                "sha256:7bf2a778576d825600030a110f3c0e3e8edc51dfaafe1c146e39a2027784957b"
            ],
            "version": "==2.21.0"
        },
        "requests-oauthlib": {
            "hashes": [
                "sha256:bd6533330e8748e94bf0b214775fed487d309b8b8fe823dc45641ebcd9a32f57",
                "sha256:d3ed0c8f2e3bbc6b344fa63d6f933745ab394469da38db16bdddb461c7e25140"
            ],
            "version": "==1.2.0"
        },
        "reversion": {
            "hashes": [
                "sha256:fe5400addc747c3d1235bdd8b0fbd49dd04141f4bd6a70cccbdc119a20f0aa6f"
            ],
            "index": "pypi",
            "version": "==0.2"
        },
        "six": {
            "hashes": [
                "sha256:3350809f0555b11f552448330d0b52d5f24c91a322ea4a15ef22629740f3761c",
                "sha256:d16a0141ec1a18405cd4ce8b4613101da75da0e9a7aec5bdd4fa804d0e0eba73"
            ],
            "index": "pypi",
            "version": "==1.12.0"
        },
        "toml": {
            "hashes": [
                "sha256:229f81c57791a41d65e399fc06bf0848bab550a9dfd5ed66df18ce5f05e73d5c",
                "sha256:235682dd292d5899d361a811df37e04a8828a5b1da3115886b73cf81ebc9100e"
            ],
            "version": "==0.10.0"
        },
        "urllib3": {
            "hashes": [
                "sha256:4c291ca23bbb55c76518905869ef34bdd5f0e46af7afe6861e8375643ffee1a0",
                "sha256:9a247273df709c4fedb38c711e44292304f73f39ab01beda9f6b9fc375669ac3"
            ],
            "version": "==1.24.2"
        },
        "xlsxwriter": {
            "hashes": [
                "sha256:2a40b427dac0f640031e5b33abe97e761de6e0f12d4d346e7b2e2b67cf6ee927",
                "sha256:431edc9ba1132eec1996939aa83fffe41885d3042ab09d47c3086f41a156c430"
            ],
            "index": "pypi",
            "version": "==1.1.7"
        },
        "xlwt": {
            "hashes": [
                "sha256:a082260524678ba48a297d922cc385f58278b8aa68741596a87de01a9c628b2e",
                "sha256:c59912717a9b28f1a3c2a98fd60741014b06b043936dcecbc113eaaada156c88"
            ],
            "index": "pypi",
            "version": "==1.3.0"
        }
    },
    "develop": {}
}
